
Microsoft Visual Studio Solution File, Format Version 12.00
# Visual Studio 2012
Project("{FAE04EC0-301F-11D3-BF4B-00C04F79EFBC}") = "NancyIsFancy", "NancyIsFancy\NancyIsFancy.csproj", "{3E3DDC4B-98F1-4324-A105-EC5B822FFB70}"
EndProject
Project("{FAE04EC0-301F-11D3-BF4B-00C04F79EFBC}") = "NancyIsFancy.Tests", "NancyIsFancy.Tests\NancyIsFancy.Tests.csproj", "{5B329B1E-FF20-4004-AED9-ED71E1F9FCF2}"
EndProject
Global
	GlobalSection(SolutionConfigurationPlatforms) = preSolution
		Debug|Any CPU = Debug|Any CPU
		Release|Any CPU = Release|Any CPU
	EndGlobalSection
	GlobalSection(ProjectConfigurationPlatforms) = postSolution
		{3E3DDC4B-98F1-4324-A105-EC5B822FFB70}.Debug|Any CPU.ActiveCfg = Debug|Any CPU
		{3E3DDC4B-98F1-4324-A105-EC5B822FFB70}.Debug|Any CPU.Build.0 = Debug|Any CPU
		{3E3DDC4B-98F1-4324-A105-EC5B822FFB70}.Release|Any CPU.ActiveCfg = Release|Any CPU
		{3E3DDC4B-98F1-4324-A105-EC5B822FFB70}.Release|Any CPU.Build.0 = Release|Any CPU
		{5B329B1E-FF20-4004-AED9-ED71E1F9FCF2}.Debug|Any CPU.ActiveCfg = Debug|Any CPU
		{5B329B1E-FF20-4004-AED9-ED71E1F9FCF2}.Debug|Any CPU.Build.0 = Debug|Any CPU
		{5B329B1E-FF20-4004-AED9-ED71E1F9FCF2}.Release|Any CPU.ActiveCfg = Release|Any CPU
		{5B329B1E-FF20-4004-AED9-ED71E1F9FCF2}.Release|Any CPU.Build.0 = Release|Any CPU
	EndGlobalSection
	GlobalSection(SolutionProperties) = preSolution
		HideSolutionNode = FALSE
	EndGlobalSection
EndGlobal
